
Microsoft Visual Studio Solution File, Format Version 12.00
# Visual Studio Version 16
VisualStudioVersion = 16.0.30204.135
MinimumVisualStudioVersion = 10.0.40219.1
Project("{9A19103F-16F7-4668-BE54-9A1E7A4F7556}") = "RouteConstraint", "RouteConstraint.csproj", "{9CB2D547-345C-4B70-B83D-2ABDDB3094E2}"
EndProject
Global
	GlobalSection(SolutionConfigurationPlatforms) = preSolution
		Debug|Any CPU = Debug|Any CPU
		Release|Any CPU = Release|Any CPU
	EndGlobalSection
	GlobalSection(ProjectConfigurationPlatforms) = postSolution
		{9CB2D547-345C-4B70-B83D-2ABDDB3094E2}.Debug|Any CPU.ActiveCfg = Debug|Any CPU
		{9CB2D547-345C-4B70-B83D-2ABDDB3094E2}.Debug|Any CPU.Build.0 = Debug|Any CPU
		{9CB2D547-345C-4B70-B83D-2ABDDB3094E2}.Release|Any CPU.ActiveCfg = Release|Any CPU
		{9CB2D547-345C-4B70-B83D-2ABDDB3094E2}.Release|Any CPU.Build.0 = Release|Any CPU
	EndGlobalSection
	GlobalSection(SolutionProperties) = preSolution
		HideSolutionNode = FALSE
	EndGlobalSection
	GlobalSection(ExtensibilityGlobals) = postSolution
		SolutionGuid = {20208D50-091F-4AE6-A417-D0328BEA445A}
	EndGlobalSection
EndGlobal
